
Microsoft Visual Studio Solution File, Format Version 12.00
# Visual Studio Version 17
VisualStudioVersion = 17.1.32414.318
MinimumVisualStudioVersion = 10.0.40219.1
Project("{2150E333-8FDC-42A3-9474-1A3956D46DE8}") = "01.Api.Gateway", "01.Api.Gateway", "{F7120BF2-51BD-4FC8-AACD-8997B59E85C3}"
EndProject
Project("{2150E333-8FDC-42A3-9474-1A3956D46DE8}") = "02.Services", "02.Services", "{35C077CC-07D3-424B-BE41-EC59D611B8E7}"
EndProject
Project("{2150E333-8FDC-42A3-9474-1A3956D46DE8}") = "01.Identity", "01.Identity", "{5940FC44-6009-4326-9FB4-F4F91F633F0D}"
EndProject
Project("{2150E333-8FDC-42A3-9474-1A3956D46DE8}") = "01.Api", "01.Api", "{4E6ED964-5750-4C31-8E90-8AD37838EC4D}"
EndProject
Project("{2150E333-8FDC-42A3-9474-1A3956D46DE8}") = "02.Services", "02.Services", "{A7D12B80-C5B5-420A-AC80-645A307C0C3D}"
EndProject
Project("{2150E333-8FDC-42A3-9474-1A3956D46DE8}") = "03.Persistence", "03.Persistence", "{EE7787AA-F9BC-4B1E-8393-C1A4D0A0CBC6}"
EndProject
Project("{2150E333-8FDC-42A3-9474-1A3956D46DE8}") = "04.Models", "04.Models", "{B1882EAD-117F-4401-8666-DD2E3A0B3D69}"
EndProject
Project("{2150E333-8FDC-42A3-9474-1A3956D46DE8}") = "05.Testing", "05.Testing", "{460259D7-D25A-44CC-A695-BA0F374E7ABB}"
EndProject
Project("{9A19103F-16F7-4668-BE54-9A1E7A4F7556}") = "Identity.Api", "src\Services\Identity\Identity.Api\Identity.Api.csproj", "{F78C82B0-F5F1-4376-A02A-07BFF23E7B91}"
EndProject
Project("{9A19103F-16F7-4668-BE54-9A1E7A4F7556}") = "Identity.Persistence.Database", "src\Services\Identity\Identity.Persistence.Database\Identity.Persistence.Database.csproj", "{C9AD9F89-4324-475B-A85E-E6BC980B7219}"
EndProject
Project("{9A19103F-16F7-4668-BE54-9A1E7A4F7556}") = "Identity.Domain", "src\Services\Identity\Identity.Domain\Identity.Domain.csproj", "{DE9DEC98-14C0-4929-88AB-E5B842698612}"
EndProject
Project("{2150E333-8FDC-42A3-9474-1A3956D46DE8}") = "03.Common", "03.Common", "{30A487B7-E77B-42E5-A25F-186FE7DC698C}"
EndProject
Project("{9A19103F-16F7-4668-BE54-9A1E7A4F7556}") = "Common.Logging", "src\Services\Common\Common.Logging\Common.Logging.csproj", "{33A49489-97A6-4B59-B0A8-8D1525469320}"
EndProject
Project("{9A19103F-16F7-4668-BE54-9A1E7A4F7556}") = "Identity.Service.EventHandlers", "src\Services\Identity\Identity.Service.EventHandler\Identity.Service.EventHandlers.csproj", "{FFB5E6D5-99C9-4FEC-BE1C-5B7612927797}"
EndProject
Project("{2150E333-8FDC-42A3-9474-1A3956D46DE8}") = "02.User", "02.User", "{10C0E58C-F578-4CB8-A7A4-CE715B13160B}"
EndProject
Project("{2150E333-8FDC-42A3-9474-1A3956D46DE8}") = "01.Api", "01.Api", "{79F5E1DC-9CC3-48A1-A846-B6805293E8BC}"
EndProject
Project("{2150E333-8FDC-42A3-9474-1A3956D46DE8}") = "02.Services", "02.Services", "{40A8F7C7-EB7D-4E41-90DD-9F8B397DC0CE}"
EndProject
Project("{2150E333-8FDC-42A3-9474-1A3956D46DE8}") = "03.Persistence", "03.Persistence", "{65A838AC-CDFC-421F-8DA8-E64AE3B5608D}"
EndProject
Project("{2150E333-8FDC-42A3-9474-1A3956D46DE8}") = "04.Models", "04.Models", "{CC964F14-432E-4BEE-972B-E60DFDF9162F}"
EndProject
Project("{2150E333-8FDC-42A3-9474-1A3956D46DE8}") = "05.Common", "05.Common", "{71A77554-B9DE-49B7-8445-5B5316D370D3}"
EndProject
Project("{9A19103F-16F7-4668-BE54-9A1E7A4F7556}") = "User.Api", "src\Services\User\User.Api\User.Api.csproj", "{AB863FF2-1144-431E-B38F-3AF16095E3A6}"
EndProject
Project("{9A19103F-16F7-4668-BE54-9A1E7A4F7556}") = "User.Service.EventHandlers", "src\Services\User\User.Service.EventHandler\User.Service.EventHandlers.csproj", "{A5D13F35-B647-414C-A6B2-FA038E5AD974}"
EndProject
Project("{9A19103F-16F7-4668-BE54-9A1E7A4F7556}") = "Identity.Service.Queries", "src\Services\Identity\Identity.Service.Queries\Identity.Service.Queries.csproj", "{C68DA40D-84A7-41A6-A8A2-9B5169B9BD5F}"
EndProject
Project("{9A19103F-16F7-4668-BE54-9A1E7A4F7556}") = "User.Service.Queries", "src\Services\User\User.Service.Queries\User.Service.Queries.csproj", "{3D70AE2D-554D-4B45-9E09-D5B4424562D3}"
EndProject
Project("{9A19103F-16F7-4668-BE54-9A1E7A4F7556}") = "User.Persistence.Database", "src\Services\User\User.Persistence.Database\User.Persistence.Database.csproj", "{60FED261-9FAE-401A-98A9-5A8675EBB36D}"
EndProject
Project("{9A19103F-16F7-4668-BE54-9A1E7A4F7556}") = "User.Domain", "src\Services\User\User.Domain\User.Domain.csproj", "{2A645C53-B4CB-4799-A1E4-ABADFAFD8B07}"
EndProject
Project("{2150E333-8FDC-42A3-9474-1A3956D46DE8}") = "06.Testing", "06.Testing", "{DE83FF3E-F893-4269-A7F9-642B79F088FA}"
EndProject
Project("{9A19103F-16F7-4668-BE54-9A1E7A4F7556}") = "User.Common", "src\Services\User\User.Common\User.Common.csproj", "{0755742F-56C7-4AF3-85C8-8C1EB642EC55}"
EndProject
Project("{2150E333-8FDC-42A3-9474-1A3956D46DE8}") = "Common", "Common", "{AA52B408-4650-4D14-9799-4FF6ED0568CF}"
EndProject
Project("{9A19103F-16F7-4668-BE54-9A1E7A4F7556}") = "Service.Common.Collection", "src\Services\Service.Common.Collection\Service.Common.Collection.csproj", "{D2483DA2-849E-4B8E-AB4A-6FEC46F19035}"
EndProject
Project("{9A19103F-16F7-4668-BE54-9A1E7A4F7556}") = "Service.Common.Mapping", "src\Services\Service.Common.Mapping\Service.Common.Mapping.csproj", "{A62F8228-A313-4CA7-8105-1001291E2832}"
EndProject
Project("{9A19103F-16F7-4668-BE54-9A1E7A4F7556}") = "Service.Common.Paging", "src\Services\Service.Common.Paging\Service.Common.Paging.csproj", "{8A021EF4-E246-4A61-874C-AA4C82B1F8D1}"
EndProject
Project("{2150E333-8FDC-42A3-9474-1A3956D46DE8}") = "03.Client", "03.Client", "{95BE5E31-ED9E-49AC-BF47-8DE311EE427D}"
EndProject
Project("{2150E333-8FDC-42A3-9474-1A3956D46DE8}") = "01.Api", "01.Api", "{D8B04CC2-CC23-400E-9D09-1E3108282F62}"
EndProject
Project("{2150E333-8FDC-42A3-9474-1A3956D46DE8}") = "02.Services", "02.Services", "{B43CD965-CE06-423E-A2C6-B7DF543F9845}"
EndProject
Project("{2150E333-8FDC-42A3-9474-1A3956D46DE8}") = "03.Persistence", "03.Persistence", "{96049022-4C86-4DBA-B8D1-596BB46ED74F}"
EndProject
Project("{2150E333-8FDC-42A3-9474-1A3956D46DE8}") = "04.Models", "04.Models", "{CECB1E6F-C053-48C2-BCDF-39E56A931B86}"
EndProject
Project("{2150E333-8FDC-42A3-9474-1A3956D46DE8}") = "05.Testing", "05.Testing", "{7BD177C1-8622-4250-BD7C-D05F0BDA71B9}"
EndProject
Project("{2150E333-8FDC-42A3-9474-1A3956D46DE8}") = "06.Common", "06.Common", "{19E6A857-30D1-4589-AAFD-2B588B550426}"
EndProject
Global
	GlobalSection(SolutionConfigurationPlatforms) = preSolution
		Debug|Any CPU = Debug|Any CPU
		Release|Any CPU = Release|Any CPU
	EndGlobalSection
	GlobalSection(ProjectConfigurationPlatforms) = postSolution
		{F78C82B0-F5F1-4376-A02A-07BFF23E7B91}.Debug|Any CPU.ActiveCfg = Debug|Any CPU
		{F78C82B0-F5F1-4376-A02A-07BFF23E7B91}.Debug|Any CPU.Build.0 = Debug|Any CPU
		{F78C82B0-F5F1-4376-A02A-07BFF23E7B91}.Release|Any CPU.ActiveCfg = Release|Any CPU
		{F78C82B0-F5F1-4376-A02A-07BFF23E7B91}.Release|Any CPU.Build.0 = Release|Any CPU
		{C9AD9F89-4324-475B-A85E-E6BC980B7219}.Debug|Any CPU.ActiveCfg = Debug|Any CPU
		{C9AD9F89-4324-475B-A85E-E6BC980B7219}.Debug|Any CPU.Build.0 = Debug|Any CPU
		{C9AD9F89-4324-475B-A85E-E6BC980B7219}.Release|Any CPU.ActiveCfg = Release|Any CPU
		{C9AD9F89-4324-475B-A85E-E6BC980B7219}.Release|Any CPU.Build.0 = Release|Any CPU
		{DE9DEC98-14C0-4929-88AB-E5B842698612}.Debug|Any CPU.ActiveCfg = Debug|Any CPU
		{DE9DEC98-14C0-4929-88AB-E5B842698612}.Debug|Any CPU.Build.0 = Debug|Any CPU
		{DE9DEC98-14C0-4929-88AB-E5B842698612}.Release|Any CPU.ActiveCfg = Release|Any CPU
		{DE9DEC98-14C0-4929-88AB-E5B842698612}.Release|Any CPU.Build.0 = Release|Any CPU
		{33A49489-97A6-4B59-B0A8-8D1525469320}.Debug|Any CPU.ActiveCfg = Debug|Any CPU
		{33A49489-97A6-4B59-B0A8-8D1525469320}.Debug|Any CPU.Build.0 = Debug|Any CPU
		{33A49489-97A6-4B59-B0A8-8D1525469320}.Release|Any CPU.ActiveCfg = Release|Any CPU
		{33A49489-97A6-4B59-B0A8-8D1525469320}.Release|Any CPU.Build.0 = Release|Any CPU
		{FFB5E6D5-99C9-4FEC-BE1C-5B7612927797}.Debug|Any CPU.ActiveCfg = Debug|Any CPU
		{FFB5E6D5-99C9-4FEC-BE1C-5B7612927797}.Debug|Any CPU.Build.0 = Debug|Any CPU
		{FFB5E6D5-99C9-4FEC-BE1C-5B7612927797}.Release|Any CPU.ActiveCfg = Release|Any CPU
		{FFB5E6D5-99C9-4FEC-BE1C-5B7612927797}.Release|Any CPU.Build.0 = Release|Any CPU
		{AB863FF2-1144-431E-B38F-3AF16095E3A6}.Debug|Any CPU.ActiveCfg = Debug|Any CPU
		{AB863FF2-1144-431E-B38F-3AF16095E3A6}.Debug|Any CPU.Build.0 = Debug|Any CPU
		{AB863FF2-1144-431E-B38F-3AF16095E3A6}.Release|Any CPU.ActiveCfg = Release|Any CPU
		{AB863FF2-1144-431E-B38F-3AF16095E3A6}.Release|Any CPU.Build.0 = Release|Any CPU
		{A5D13F35-B647-414C-A6B2-FA038E5AD974}.Debug|Any CPU.ActiveCfg = Debug|Any CPU
		{A5D13F35-B647-414C-A6B2-FA038E5AD974}.Debug|Any CPU.Build.0 = Debug|Any CPU
		{A5D13F35-B647-414C-A6B2-FA038E5AD974}.Release|Any CPU.ActiveCfg = Release|Any CPU
		{A5D13F35-B647-414C-A6B2-FA038E5AD974}.Release|Any CPU.Build.0 = Release|Any CPU
		{C68DA40D-84A7-41A6-A8A2-9B5169B9BD5F}.Debug|Any CPU.ActiveCfg = Debug|Any CPU
		{C68DA40D-84A7-41A6-A8A2-9B5169B9BD5F}.Debug|Any CPU.Build.0 = Debug|Any CPU
		{C68DA40D-84A7-41A6-A8A2-9B5169B9BD5F}.Release|Any CPU.ActiveCfg = Release|Any CPU
		{C68DA40D-84A7-41A6-A8A2-9B5169B9BD5F}.Release|Any CPU.Build.0 = Release|Any CPU
		{3D70AE2D-554D-4B45-9E09-D5B4424562D3}.Debug|Any CPU.ActiveCfg = Debug|Any CPU
		{3D70AE2D-554D-4B45-9E09-D5B4424562D3}.Debug|Any CPU.Build.0 = Debug|Any CPU
		{3D70AE2D-554D-4B45-9E09-D5B4424562D3}.Release|Any CPU.ActiveCfg = Release|Any CPU
		{3D70AE2D-554D-4B45-9E09-D5B4424562D3}.Release|Any CPU.Build.0 = Release|Any CPU
		{60FED261-9FAE-401A-98A9-5A8675EBB36D}.Debug|Any CPU.ActiveCfg = Debug|Any CPU
		{60FED261-9FAE-401A-98A9-5A8675EBB36D}.Debug|Any CPU.Build.0 = Debug|Any CPU
		{60FED261-9FAE-401A-98A9-5A8675EBB36D}.Release|Any CPU.ActiveCfg = Release|Any CPU
		{60FED261-9FAE-401A-98A9-5A8675EBB36D}.Release|Any CPU.Build.0 = Release|Any CPU
		{2A645C53-B4CB-4799-A1E4-ABADFAFD8B07}.Debug|Any CPU.ActiveCfg = Debug|Any CPU
		{2A645C53-B4CB-4799-A1E4-ABADFAFD8B07}.Debug|Any CPU.Build.0 = Debug|Any CPU
		{2A645C53-B4CB-4799-A1E4-ABADFAFD8B07}.Release|Any CPU.ActiveCfg = Release|Any CPU
		{2A645C53-B4CB-4799-A1E4-ABADFAFD8B07}.Release|Any CPU.Build.0 = Release|Any CPU
		{0755742F-56C7-4AF3-85C8-8C1EB642EC55}.Debug|Any CPU.ActiveCfg = Debug|Any CPU
		{0755742F-56C7-4AF3-85C8-8C1EB642EC55}.Debug|Any CPU.Build.0 = Debug|Any CPU
		{0755742F-56C7-4AF3-85C8-8C1EB642EC55}.Release|Any CPU.ActiveCfg = Release|Any CPU
		{0755742F-56C7-4AF3-85C8-8C1EB642EC55}.Release|Any CPU.Build.0 = Release|Any CPU
		{D2483DA2-849E-4B8E-AB4A-6FEC46F19035}.Debug|Any CPU.ActiveCfg = Debug|Any CPU
		{D2483DA2-849E-4B8E-AB4A-6FEC46F19035}.Debug|Any CPU.Build.0 = Debug|Any CPU
		{D2483DA2-849E-4B8E-AB4A-6FEC46F19035}.Release|Any CPU.ActiveCfg = Release|Any CPU
		{D2483DA2-849E-4B8E-AB4A-6FEC46F19035}.Release|Any CPU.Build.0 = Release|Any CPU
		{A62F8228-A313-4CA7-8105-1001291E2832}.Debug|Any CPU.ActiveCfg = Debug|Any CPU
		{A62F8228-A313-4CA7-8105-1001291E2832}.Debug|Any CPU.Build.0 = Debug|Any CPU
		{A62F8228-A313-4CA7-8105-1001291E2832}.Release|Any CPU.ActiveCfg = Release|Any CPU
		{A62F8228-A313-4CA7-8105-1001291E2832}.Release|Any CPU.Build.0 = Release|Any CPU
		{8A021EF4-E246-4A61-874C-AA4C82B1F8D1}.Debug|Any CPU.ActiveCfg = Debug|Any CPU
		{8A021EF4-E246-4A61-874C-AA4C82B1F8D1}.Debug|Any CPU.Build.0 = Debug|Any CPU
		{8A021EF4-E246-4A61-874C-AA4C82B1F8D1}.Release|Any CPU.ActiveCfg = Release|Any CPU
		{8A021EF4-E246-4A61-874C-AA4C82B1F8D1}.Release|Any CPU.Build.0 = Release|Any CPU
	EndGlobalSection
	GlobalSection(SolutionProperties) = preSolution
		HideSolutionNode = FALSE
	EndGlobalSection
	GlobalSection(NestedProjects) = preSolution
		{5940FC44-6009-4326-9FB4-F4F91F633F0D} = {35C077CC-07D3-424B-BE41-EC59D611B8E7}
		{4E6ED964-5750-4C31-8E90-8AD37838EC4D} = {5940FC44-6009-4326-9FB4-F4F91F633F0D}
		{A7D12B80-C5B5-420A-AC80-645A307C0C3D} = {5940FC44-6009-4326-9FB4-F4F91F633F0D}
		{EE7787AA-F9BC-4B1E-8393-C1A4D0A0CBC6} = {5940FC44-6009-4326-9FB4-F4F91F633F0D}
		{B1882EAD-117F-4401-8666-DD2E3A0B3D69} = {5940FC44-6009-4326-9FB4-F4F91F633F0D}
		{460259D7-D25A-44CC-A695-BA0F374E7ABB} = {5940FC44-6009-4326-9FB4-F4F91F633F0D}
		{F78C82B0-F5F1-4376-A02A-07BFF23E7B91} = {4E6ED964-5750-4C31-8E90-8AD37838EC4D}
		{C9AD9F89-4324-475B-A85E-E6BC980B7219} = {EE7787AA-F9BC-4B1E-8393-C1A4D0A0CBC6}
		{DE9DEC98-14C0-4929-88AB-E5B842698612} = {B1882EAD-117F-4401-8666-DD2E3A0B3D69}
		{33A49489-97A6-4B59-B0A8-8D1525469320} = {30A487B7-E77B-42E5-A25F-186FE7DC698C}
		{FFB5E6D5-99C9-4FEC-BE1C-5B7612927797} = {A7D12B80-C5B5-420A-AC80-645A307C0C3D}
		{10C0E58C-F578-4CB8-A7A4-CE715B13160B} = {35C077CC-07D3-424B-BE41-EC59D611B8E7}
		{79F5E1DC-9CC3-48A1-A846-B6805293E8BC} = {10C0E58C-F578-4CB8-A7A4-CE715B13160B}
		{40A8F7C7-EB7D-4E41-90DD-9F8B397DC0CE} = {10C0E58C-F578-4CB8-A7A4-CE715B13160B}
		{65A838AC-CDFC-421F-8DA8-E64AE3B5608D} = {10C0E58C-F578-4CB8-A7A4-CE715B13160B}
		{CC964F14-432E-4BEE-972B-E60DFDF9162F} = {10C0E58C-F578-4CB8-A7A4-CE715B13160B}
		{71A77554-B9DE-49B7-8445-5B5316D370D3} = {10C0E58C-F578-4CB8-A7A4-CE715B13160B}
		{AB863FF2-1144-431E-B38F-3AF16095E3A6} = {79F5E1DC-9CC3-48A1-A846-B6805293E8BC}
		{A5D13F35-B647-414C-A6B2-FA038E5AD974} = {40A8F7C7-EB7D-4E41-90DD-9F8B397DC0CE}
		{C68DA40D-84A7-41A6-A8A2-9B5169B9BD5F} = {A7D12B80-C5B5-420A-AC80-645A307C0C3D}
		{3D70AE2D-554D-4B45-9E09-D5B4424562D3} = {40A8F7C7-EB7D-4E41-90DD-9F8B397DC0CE}
		{60FED261-9FAE-401A-98A9-5A8675EBB36D} = {65A838AC-CDFC-421F-8DA8-E64AE3B5608D}
		{2A645C53-B4CB-4799-A1E4-ABADFAFD8B07} = {CC964F14-432E-4BEE-972B-E60DFDF9162F}
		{DE83FF3E-F893-4269-A7F9-642B79F088FA} = {10C0E58C-F578-4CB8-A7A4-CE715B13160B}
		{0755742F-56C7-4AF3-85C8-8C1EB642EC55} = {71A77554-B9DE-49B7-8445-5B5316D370D3}
		{AA52B408-4650-4D14-9799-4FF6ED0568CF} = {35C077CC-07D3-424B-BE41-EC59D611B8E7}
		{D2483DA2-849E-4B8E-AB4A-6FEC46F19035} = {AA52B408-4650-4D14-9799-4FF6ED0568CF}
		{A62F8228-A313-4CA7-8105-1001291E2832} = {AA52B408-4650-4D14-9799-4FF6ED0568CF}
		{8A021EF4-E246-4A61-874C-AA4C82B1F8D1} = {AA52B408-4650-4D14-9799-4FF6ED0568CF}
		{95BE5E31-ED9E-49AC-BF47-8DE311EE427D} = {35C077CC-07D3-424B-BE41-EC59D611B8E7}
		{D8B04CC2-CC23-400E-9D09-1E3108282F62} = {95BE5E31-ED9E-49AC-BF47-8DE311EE427D}
		{B43CD965-CE06-423E-A2C6-B7DF543F9845} = {95BE5E31-ED9E-49AC-BF47-8DE311EE427D}
		{96049022-4C86-4DBA-B8D1-596BB46ED74F} = {95BE5E31-ED9E-49AC-BF47-8DE311EE427D}
		{CECB1E6F-C053-48C2-BCDF-39E56A931B86} = {95BE5E31-ED9E-49AC-BF47-8DE311EE427D}
		{7BD177C1-8622-4250-BD7C-D05F0BDA71B9} = {95BE5E31-ED9E-49AC-BF47-8DE311EE427D}
		{19E6A857-30D1-4589-AAFD-2B588B550426} = {95BE5E31-ED9E-49AC-BF47-8DE311EE427D}
	EndGlobalSection
	GlobalSection(ExtensibilityGlobals) = postSolution
		SolutionGuid = {07D909DC-2013-4264-A29B-42FC81D70A2C}
	EndGlobalSection
EndGlobal
